
Microsoft Visual Studio Solution File, Format Version 12.00
# Visual Studio Version 16
VisualStudioVersion = 16.0.30413.136
MinimumVisualStudioVersion = 10.0.40219.1
Project("{FAE04EC0-301F-11D3-BF4B-00C04F79EFBC}") = "01_TypesAndVariables", "01_TypesAndVariables\01_TypesAndVariables.csproj", "{8D382313-E5C1-46AB-BD19-F9BC75341357}"
EndProject
Project("{FAE04EC0-301F-11D3-BF4B-00C04F79EFBC}") = "02_Operators", "02_Operators\02_Operators.csproj", "{B62A10EA-BDE2-482E-B72A-A2C4F1E15EC5}"
EndProject
Project("{FAE04EC0-301F-11D3-BF4B-00C04F79EFBC}") = "03_Classes", "03_Classes\03_Classes.csproj", "{ADA49742-7783-4D46-BEF4-95471DE0A390}"
EndProject
Project("{FAE04EC0-301F-11D3-BF4B-00C04F79EFBC}") = "04_Conditionals", "04_Conditionals\04_Conditionals.csproj", "{BA008FC6-68AB-44AB-B2C5-250A15789390}"
EndProject
Project("{FAE04EC0-301F-11D3-BF4B-00C04F79EFBC}") = "05_Loops", "05_Loops\05_Loops.csproj", "{5FB0103F-670B-4BA3-8B8F-6818D9AC25B3}"
EndProject
Project("{FAE04EC0-301F-11D3-BF4B-00C04F79EFBC}") = "W1D3Project", "W1D3Project\W1D3Project.csproj", "{95FA27F6-30AF-4D8B-B689-B273DA1DCB92}"
EndProject
Project("{FAE04EC0-301F-11D3-BF4B-00C04F79EFBC}") = "06_Inheritance_Classes", "06_Inheritance_Classes\06_Inheritance_Classes.csproj", "{802D4E43-EB2B-4AF1-BD54-FC13B8D6479D}"
EndProject
Project("{FAE04EC0-301F-11D3-BF4B-00C04F79EFBC}") = "06_Inheritance_Tests", "06_Inheritance_Tests\06_Inheritance_Tests.csproj", "{28206E5D-B5A1-4D6B-AC55-B3579596C55D}"
EndProject
Project("{FAE04EC0-301F-11D3-BF4B-00C04F79EFBC}") = "07_RepositoryPattern_Repository", "07_RepositoryPattern_Repository\07_RepositoryPattern_Repository.csproj", "{3C2AB4A2-FF73-4384-84AF-F425CFC66751}"
EndProject
Project("{FAE04EC0-301F-11D3-BF4B-00C04F79EFBC}") = "07_RepositoryPattern_Tests", "07_RepositoryPattern_Tests\07_RepositoryPattern_Tests.csproj", "{BE328887-37E5-4E47-B517-7C5E68941964}"
EndProject
Global
	GlobalSection(SolutionConfigurationPlatforms) = preSolution
		Debug|Any CPU = Debug|Any CPU
		Release|Any CPU = Release|Any CPU
	EndGlobalSection
	GlobalSection(ProjectConfigurationPlatforms) = postSolution
		{8D382313-E5C1-46AB-BD19-F9BC75341357}.Debug|Any CPU.ActiveCfg = Debug|Any CPU
		{8D382313-E5C1-46AB-BD19-F9BC75341357}.Debug|Any CPU.Build.0 = Debug|Any CPU
		{8D382313-E5C1-46AB-BD19-F9BC75341357}.Release|Any CPU.ActiveCfg = Release|Any CPU
		{8D382313-E5C1-46AB-BD19-F9BC75341357}.Release|Any CPU.Build.0 = Release|Any CPU
		{B62A10EA-BDE2-482E-B72A-A2C4F1E15EC5}.Debug|Any CPU.ActiveCfg = Debug|Any CPU
		{B62A10EA-BDE2-482E-B72A-A2C4F1E15EC5}.Debug|Any CPU.Build.0 = Debug|Any CPU
		{B62A10EA-BDE2-482E-B72A-A2C4F1E15EC5}.Release|Any CPU.ActiveCfg = Release|Any CPU
		{B62A10EA-BDE2-482E-B72A-A2C4F1E15EC5}.Release|Any CPU.Build.0 = Release|Any CPU
		{ADA49742-7783-4D46-BEF4-95471DE0A390}.Debug|Any CPU.ActiveCfg = Debug|Any CPU
		{ADA49742-7783-4D46-BEF4-95471DE0A390}.Debug|Any CPU.Build.0 = Debug|Any CPU
		{ADA49742-7783-4D46-BEF4-95471DE0A390}.Release|Any CPU.ActiveCfg = Release|Any CPU
		{ADA49742-7783-4D46-BEF4-95471DE0A390}.Release|Any CPU.Build.0 = Release|Any CPU
		{BA008FC6-68AB-44AB-B2C5-250A15789390}.Debug|Any CPU.ActiveCfg = Debug|Any CPU
		{BA008FC6-68AB-44AB-B2C5-250A15789390}.Debug|Any CPU.Build.0 = Debug|Any CPU
		{BA008FC6-68AB-44AB-B2C5-250A15789390}.Release|Any CPU.ActiveCfg = Release|Any CPU
		{BA008FC6-68AB-44AB-B2C5-250A15789390}.Release|Any CPU.Build.0 = Release|Any CPU
		{5FB0103F-670B-4BA3-8B8F-6818D9AC25B3}.Debug|Any CPU.ActiveCfg = Debug|Any CPU
		{5FB0103F-670B-4BA3-8B8F-6818D9AC25B3}.Debug|Any CPU.Build.0 = Debug|Any CPU
		{5FB0103F-670B-4BA3-8B8F-6818D9AC25B3}.Release|Any CPU.ActiveCfg = Release|Any CPU
		{5FB0103F-670B-4BA3-8B8F-6818D9AC25B3}.Release|Any CPU.Build.0 = Release|Any CPU
		{95FA27F6-30AF-4D8B-B689-B273DA1DCB92}.Debug|Any CPU.ActiveCfg = Debug|Any CPU
		{95FA27F6-30AF-4D8B-B689-B273DA1DCB92}.Debug|Any CPU.Build.0 = Debug|Any CPU
		{95FA27F6-30AF-4D8B-B689-B273DA1DCB92}.Release|Any CPU.ActiveCfg = Release|Any CPU
		{95FA27F6-30AF-4D8B-B689-B273DA1DCB92}.Release|Any CPU.Build.0 = Release|Any CPU
		{802D4E43-EB2B-4AF1-BD54-FC13B8D6479D}.Debug|Any CPU.ActiveCfg = Debug|Any CPU
		{802D4E43-EB2B-4AF1-BD54-FC13B8D6479D}.Debug|Any CPU.Build.0 = Debug|Any CPU
		{802D4E43-EB2B-4AF1-BD54-FC13B8D6479D}.Release|Any CPU.ActiveCfg = Release|Any CPU
		{802D4E43-EB2B-4AF1-BD54-FC13B8D6479D}.Release|Any CPU.Build.0 = Release|Any CPU
		{28206E5D-B5A1-4D6B-AC55-B3579596C55D}.Debug|Any CPU.ActiveCfg = Debug|Any CPU
		{28206E5D-B5A1-4D6B-AC55-B3579596C55D}.Debug|Any CPU.Build.0 = Debug|Any CPU
		{28206E5D-B5A1-4D6B-AC55-B3579596C55D}.Release|Any CPU.ActiveCfg = Release|Any CPU
		{28206E5D-B5A1-4D6B-AC55-B3579596C55D}.Release|Any CPU.Build.0 = Release|Any CPU
		{3C2AB4A2-FF73-4384-84AF-F425CFC66751}.Debug|Any CPU.ActiveCfg = Debug|Any CPU
		{3C2AB4A2-FF73-4384-84AF-F425CFC66751}.Debug|Any CPU.Build.0 = Debug|Any CPU
		{3C2AB4A2-FF73-4384-84AF-F425CFC66751}.Release|Any CPU.ActiveCfg = Release|Any CPU
		{3C2AB4A2-FF73-4384-84AF-F425CFC66751}.Release|Any CPU.Build.0 = Release|Any CPU
		{BE328887-37E5-4E47-B517-7C5E68941964}.Debug|Any CPU.ActiveCfg = Debug|Any CPU
		{BE328887-37E5-4E47-B517-7C5E68941964}.Debug|Any CPU.Build.0 = Debug|Any CPU
		{BE328887-37E5-4E47-B517-7C5E68941964}.Release|Any CPU.ActiveCfg = Release|Any CPU
		{BE328887-37E5-4E47-B517-7C5E68941964}.Release|Any CPU.Build.0 = Release|Any CPU
	EndGlobalSection
	GlobalSection(SolutionProperties) = preSolution
		HideSolutionNode = FALSE
	EndGlobalSection
	GlobalSection(ExtensibilityGlobals) = postSolution
		SolutionGuid = {2ABB27A9-095C-4D8F-8D86-D9A9D58F5B53}
	EndGlobalSection
EndGlobal
